
Microsoft Visual Studio Solution File, Format Version 12.00
# Visual Studio 15
VisualStudioVersion = 15.0.27428.2015
MinimumVisualStudioVersion = 10.0.40219.1
Project("{FAE04EC0-301F-11D3-BF4B-00C04F79EFBC}") = "RestWithNETCore", "RestWithNETCore\RestWithNETCore.csproj", "{DE2910FE-C636-45EB-A13F-89822AB8325A}"
EndProject
Global
	GlobalSection(SolutionConfigurationPlatforms) = preSolution
		Debug|Any CPU = Debug|Any CPU
		Release|Any CPU = Release|Any CPU
	EndGlobalSection
	GlobalSection(ProjectConfigurationPlatforms) = postSolution
		{DE2910FE-C636-45EB-A13F-89822AB8325A}.Debug|Any CPU.ActiveCfg = Debug|Any CPU
		{DE2910FE-C636-45EB-A13F-89822AB8325A}.Debug|Any CPU.Build.0 = Debug|Any CPU
		{DE2910FE-C636-45EB-A13F-89822AB8325A}.Release|Any CPU.ActiveCfg = Release|Any CPU
		{DE2910FE-C636-45EB-A13F-89822AB8325A}.Release|Any CPU.Build.0 = Release|Any CPU
	EndGlobalSection
	GlobalSection(SolutionProperties) = preSolution
		HideSolutionNode = FALSE
	EndGlobalSection
	GlobalSection(ExtensibilityGlobals) = postSolution
		SolutionGuid = {8AAC25E0-AB47-44EB-A733-AAE5027CCE97}
	EndGlobalSection
EndGlobal
